# THIS IS AN AUTOGENERATED FILE. DO NOT EDIT THIS FILE DIRECTLY.
# yarn lockfile v1


fireworks-canvas@^2.3.1:
  version "2.3.1"
  resolved "https://registry.yarnpkg.com/fireworks-canvas/-/fireworks-canvas-2.3.1.tgz#da4a5421a0ee83a3d2e71ac23bd76dd8debefef9"
  integrity sha512-orLfUT9ScCQ27biRfGkLCeMbK/K92rmxRE+lxgXg65UxgJmnpUiS2kNyJ7OP9axtGiQU3eN2Dj+TLrT+JGiCXw==
